
Microsoft Visual Studio Solution File, Format Version 12.00
# Visual Studio 15
VisualStudioVersion = 15.0.28307.1062
MinimumVisualStudioVersion = 10.0.40219.1
Project("{FAE04EC0-301F-11D3-BF4B-00C04F79EFBC}") = "AplicacionLogin", "AplicacionLogin\AplicacionLogin.csproj", "{5E2608E5-DC0D-4363-8DD9-5B380C757AD0}"
EndProject
Global
	GlobalSection(SolutionConfigurationPlatforms) = preSolution
		Debug|Any CPU = Debug|Any CPU
		Release|Any CPU = Release|Any CPU
	EndGlobalSection
	GlobalSection(ProjectConfigurationPlatforms) = postSolution
		{5E2608E5-DC0D-4363-8DD9-5B380C757AD0}.Debug|Any CPU.ActiveCfg = Debug|Any CPU
		{5E2608E5-DC0D-4363-8DD9-5B380C757AD0}.Debug|Any CPU.Build.0 = Debug|Any CPU
		{5E2608E5-DC0D-4363-8DD9-5B380C757AD0}.Release|Any CPU.ActiveCfg = Release|Any CPU
		{5E2608E5-DC0D-4363-8DD9-5B380C757AD0}.Release|Any CPU.Build.0 = Release|Any CPU
	EndGlobalSection
	GlobalSection(SolutionProperties) = preSolution
		HideSolutionNode = FALSE
	EndGlobalSection
	GlobalSection(ExtensibilityGlobals) = postSolution
		SolutionGuid = {A317F242-8ECC-427B-9BEF-A55E7AE4C4E4}
	EndGlobalSection
EndGlobal
